# Cloud Reference File
# Original: models/.cache/huggingface/download/llama-2-7b.Q4_K_M.gguf.lock
# Size: 278 bytes
# Hash: 36cac6a84d87a8940f481dfaa301a839
# Status: ready_for_manual_upload
# Upload Method: google_drive_web

# This file has been prepared for cloud storage.
# Manual upload required:
# 1. Go to: https://drive.google.com/
# 2. Create folder: "Quark_Project_Cloud"
# 3. Upload: models/.cache/huggingface/download/llama-2-7b.Q4_K_M.gguf.lock
# 4. Update status in .cloud_references/

# File ready for upload in: files_for_manual_upload/models/.cache/huggingface/download/llama-2-7b.Q4_K_M.gguf.lock
